Microsoft Visual Studio Solution File, Format Version 12.00
# Visual Studio Version 17
VisualStudioVersion = 17.8.34322.80
MinimumVisualStudioVersion = 10.0.40219.1
Project("{9A19103F-16F7-4668-BE54-9A1E7A4F7556}") = "ProcessShield", "ProcessShield.csproj", "{23FC6386-93EB-4F3A-8C96-215015C193D8}"
EndProject
Project("{9A19103F-16F7-4668-BE54-9A1E7A4F7556}") = "ProcessShield.Tests", "tests\ProcessShield.Tests\ProcessShield.Tests.csproj", "{F52A7FC5-0654-42DD-A584-B8EEC64FEF5F}"
EndProject
Global
	GlobalSection(SolutionConfigurationPlatforms) = preSolution
		Debug|x64 = Debug|x64
		Release|x64 = Release|x64
	EndGlobalSection
	GlobalSection(ProjectConfigurationPlatforms) = postSolution
		{23FC6386-93EB-4F3A-8C96-215015C193D8}.Debug|x64.ActiveCfg = Debug|x64
		{23FC6386-93EB-4F3A-8C96-215015C193D8}.Debug|x64.Build.0 = Debug|x64
		{23FC6386-93EB-4F3A-8C96-215015C193D8}.Release|x64.ActiveCfg = Release|x64
		{23FC6386-93EB-4F3A-8C96-215015C193D8}.Release|x64.Build.0 = Release|x64
		{F52A7FC5-0654-42DD-A584-B8EEC64FEF5F}.Debug|x64.ActiveCfg = Debug|x64
		{F52A7FC5-0654-42DD-A584-B8EEC64FEF5F}.Debug|x64.Build.0 = Debug|x64
		{F52A7FC5-0654-42DD-A584-B8EEC64FEF5F}.Release|x64.ActiveCfg = Release|x64
		{F52A7FC5-0654-42DD-A584-B8EEC64FEF5F}.Release|x64.Build.0 = Release|x64
	EndGlobalSection
	GlobalSection(SolutionProperties) = preSolution
		HideSolutionNode = FALSE
	EndGlobalSection
	GlobalSection(ExtensibilityGlobals) = postSolution
		SolutionGuid = {CCDA8BB1-DF9A-4CC3-A5D6-6CB557F720B0}
	EndGlobalSection
EndGlobal
